// !$*UTF8*$!
{
	archiveVersion = 1;
	classes = {
	};
	objectVersion = 50;
	objects = {

/* Begin PBXBuildFile section */
		634D68DBE369C9C29D931026 /* Pods_BackPackAppTests.framework in Frameworks */ = {isa = PBXBuildFile; fileRef = C53A4D0C8FA070FE3CF8B917 /* Pods_BackPackAppTests.framework */; };
		6747A4055069D7EA22315FB8 /* Pods_BackPackApp.framework in Frameworks */ = {isa = PBXBuildFile; fileRef = 3F17D8B914C03A6424CF6FE0 /* Pods_BackPackApp.framework */; };
		FC3943712192A31C005352D1 /* AppDelegate.swift in Sources */ = {isa = PBXBuildFile; fileRef = FC3943702192A31C005352D1 /* AppDelegate.swift */; };
		FC3943732192A31C005352D1 /* StoreViewController.swift in Sources */ = {isa = PBXBuildFile; fileRef = FC3943722192A31C005352D1 /* StoreViewController.swift */; };
		FC3943752192A31C005352D1 /* MapViewController.swift in Sources */ = {isa = PBXBuildFile; fileRef = FC3943742192A31C005352D1 /* MapViewController.swift */; };
		FC3943782192A31C005352D1 /* Main.storyboard in Resources */ = {isa = PBXBuildFile; fileRef = FC3943762192A31C005352D1 /* Main.storyboard */; };
		FC39437A2192A31F005352D1 /* Assets.xcassets in Resources */ = {isa = PBXBuildFile; fileRef = FC3943792192A31F005352D1 /* Assets.xcassets */; };
		FC39437D2192A31F005352D1 /* LaunchScreen.storyboard in Resources */ = {isa = PBXBuildFile; fileRef = FC39437B2192A31F005352D1 /* LaunchScreen.storyboard */; };
		FC3943882192A31F005352D1 /* BackPackAppTests.swift in Sources */ = {isa = PBXBuildFile; fileRef = FC3943872192A31F005352D1 /* BackPackAppTests.swift */; };
		FC5CAB8621B5E52B004932F5 /* GoogleService-Info.plist in Resources */ = {isa = PBXBuildFile; fileRef = FC5CAB8521B5E52B004932F5 /* GoogleService-Info.plist */; };
		FC5CAB8821B9FCC2004932F5 /* GearListTableViewController.swift in Sources */ = {isa = PBXBuildFile; fileRef = FC5CAB8721B9FCC2004932F5 /* GearListTableViewController.swift */; };
		FC5CAB8A21B9FD11004932F5 /* GearItem.swift in Sources */ = {isa = PBXBuildFile; fileRef = FC5CAB8921B9FD11004932F5 /* GearItem.swift */; };
		FC5CAB8C21B9FD3E004932F5 /* User.swift in Sources */ = {isa = PBXBuildFile; fileRef = FC5CAB8B21B9FD3E004932F5 /* User.swift */; };
/* End PBXBuildFile section */

/* Begin PBXContainerItemProxy section */
		FC3943842192A31F005352D1 /* PBXContainerItemProxy */ = {
			isa = PBXContainerItemProxy;
			containerPortal = FC3943652192A31B005352D1 /* Project object */;
			proxyType = 1;
			remoteGlobalIDString = FC39436C2192A31B005352D1;
			remoteInfo = BackPackApp;
		};
/* End PBXContainerItemProxy section */

/* Begin PBXFileReference section */
		2B138679A5DF32F73C812DE5 /* Pods-BackPackAppTests.debug.xcconfig */ = {isa = PBXFileReference; includeInIndex = 1; lastKnownFileType = text.xcconfig; name = "Pods-BackPackAppTests.debug.xcconfig"; path = "Pods/Target Support Files/Pods-BackPackAppTests/Pods-BackPackAppTests.debug.xcconfig"; sourceTree = "<group>"; };
		3F17D8B914C03A6424CF6FE0 /* Pods_BackPackApp.framework */ = {isa = PBXFileReference; explicitFileType = wrapper.framework; includeInIndex = 0; path = Pods_BackPackApp.framework; sourceTree = BUILT_PRODUCTS_DIR; };
		5DDED4FB7D700F1C60BCF777 /* Pods-BackPackAppTests.release.xcconfig */ = {isa = PBXFileReference; includeInIndex = 1; lastKnownFileType = text.xcconfig; name = "Pods-BackPackAppTests.release.xcconfig"; path = "Pods/Target Support Files/Pods-BackPackAppTests/Pods-BackPackAppTests.release.xcconfig"; sourceTree = "<group>"; };
		87D53883D1C46B41EBC90DDC /* Pods-BackPackApp.release.xcconfig */ = {isa = PBXFileReference; includeInIndex = 1; lastKnownFileType = text.xcconfig; name = "Pods-BackPackApp.release.xcconfig"; path = "Pods/Target Support Files/Pods-BackPackApp/Pods-BackPackApp.release.xcconfig"; sourceTree = "<group>"; };
		C53A4D0C8FA070FE3CF8B917 /* Pods_BackPackAppTests.framework */ = {isa = PBXFileReference; explicitFileType = wrapper.framework; includeInIndex = 0; path = Pods_BackPackAppTests.framework; sourceTree = BUILT_PRODUCTS_DIR; };
		FA29CDE7137459E95878C03A /* Pods-BackPackApp.debug.xcconfig */ = {isa = PBXFileReference; includeInIndex = 1; lastKnownFileType = text.xcconfig; name = "Pods-BackPackApp.debug.xcconfig"; path = "Pods/Target Support Files/Pods-BackPackApp/Pods-BackPackApp.debug.xcconfig"; sourceTree = "<group>"; };
		FC39436D2192A31C005352D1 /* BackPackApp.app */ = {isa = PBXFileReference; explicitFileType = wrapper.application; includeInIndex = 0; path = BackPackApp.app; sourceTree = BUILT_PRODUCTS_DIR; };
		FC3943702192A31C005352D1 /* AppDelegate.swift */ = {isa = PBXFileReference; lastKnownFileType = sourcecode.swift; path = AppDelegate.swift; sourceTree = "<group>"; };
		FC3943722192A31C005352D1 /* StoreViewController.swift */ = {isa = PBXFileReference; lastKnownFileType = sourcecode.swift; path = StoreViewController.swift; sourceTree = "<group>"; };
		FC3943742192A31C005352D1 /* MapViewController.swift */ = {isa = PBXFileReference; lastKnownFileType = sourcecode.swift; path = MapViewController.swift; sourceTree = "<group>"; };
		FC3943772192A31C005352D1 /* Base */ = {isa = PBXFileReference; lastKnownFileType = file.storyboard; name = Base; path = Base.lproj/Main.storyboard; sourceTree = "<group>"; };
		FC3943792192A31F005352D1 /* Assets.xcassets */ = {isa = PBXFileReference; lastKnownFileType = folder.assetcatalog; path = Assets.xcassets; sourceTree = "<group>"; };
		FC39437C2192A31F005352D1 /* Base */ = {isa = PBXFileReference; lastKnownFileType = file.storyboard; name = Base; path = Base.lproj/LaunchScreen.storyboard; sourceTree = "<group>"; };
		FC39437E2192A31F005352D1 /* Info.plist */ = {isa = PBXFileReference; lastKnownFileType = text.plist.xml; path = Info.plist; sourceTree = "<group>"; };
		FC3943832192A31F005352D1 /* BackPackAppTests.xctest */ = {isa = PBXFileReference; explicitFileType = wrapper.cfbundle; includeInIndex = 0; path = BackPackAppTests.xctest; sourceTree = BUILT_PRODUCTS_DIR; };
		FC3943872192A31F005352D1 /* BackPackAppTests.swift */ = {isa = PBXFileReference; lastKnownFileType = sourcecode.swift; path = BackPackAppTests.swift; sourceTree = "<group>"; };
		FC3943892192A31F005352D1 /* Info.plist */ = {isa = PBXFileReference; lastKnownFileType = text.plist.xml; path = Info.plist; sourceTree = "<group>"; };
		FC5CAB8521B5E52B004932F5 /* GoogleService-Info.plist */ = {isa = PBXFileReference; fileEncoding = 4; lastKnownFileType = text.plist.xml; path = "GoogleService-Info.plist"; sourceTree = SOURCE_ROOT; };
		FC5CAB8721B9FCC2004932F5 /* GearListTableViewController.swift */ = {isa = PBXFileReference; lastKnownFileType = sourcecode.swift; path = GearListTableViewController.swift; sourceTree = "<group>"; };
		FC5CAB8921B9FD11004932F5 /* GearItem.swift */ = {isa = PBXFileReference; lastKnownFileType = sourcecode.swift; path = GearItem.swift; sourceTree = "<group>"; };
		FC5CAB8B21B9FD3E004932F5 /* User.swift */ = {isa = PBXFileReference; lastKnownFileType = sourcecode.swift; path = User.swift; sourceTree = "<group>"; };
/* End PBXFileReference section */

/* Begin PBXFrameworksBuildPhase section */
		FC39436A2192A31B005352D1 /* Frameworks */ = {
			isa = PBXFrameworksBuildPhase;
			buildActionMask = 2147483647;
			files = (
				6747A4055069D7EA22315FB8 /* Pods_BackPackApp.framework in Frameworks */,
			);
			runOnlyForDeploymentPostprocessing = 0;
		};
		FC3943802192A31F005352D1 /* Frameworks */ = {
			isa = PBXFrameworksBuildPhase;
			buildActionMask = 2147483647;
			files = (
				634D68DBE369C9C29D931026 /* Pods_BackPackAppTests.framework in Frameworks */,
			);
			runOnlyForDeploymentPostprocessing = 0;
		};
/* End PBXFrameworksBuildPhase section */

/* Begin PBXGroup section */
		1CCAFE7A5041B7FD2D1B9A14 /* Frameworks */ = {
			isa = PBXGroup;
			children = (
				3F17D8B914C03A6424CF6FE0 /* Pods_BackPackApp.framework */,
				C53A4D0C8FA070FE3CF8B917 /* Pods_BackPackAppTests.framework */,
			);
			name = Frameworks;
			sourceTree = "<group>";
		};
		F3D91B5BBD1D9A87C4B205E6 /* Pods */ = {
			isa = PBXGroup;
			children = (
				FA29CDE7137459E95878C03A /* Pods-BackPackApp.debug.xcconfig */,
				87D53883D1C46B41EBC90DDC /* Pods-BackPackApp.release.xcconfig */,
				2B138679A5DF32F73C812DE5 /* Pods-BackPackAppTests.debug.xcconfig */,
				5DDED4FB7D700F1C60BCF777 /* Pods-BackPackAppTests.release.xcconfig */,
			);
			name = Pods;
			sourceTree = "<group>";
		};
		FC3943642192A31B005352D1 = {
			isa = PBXGroup;
			children = (
				FC39436F2192A31C005352D1 /* BackPackApp */,
				FC3943862192A31F005352D1 /* BackPackAppTests */,
				FC39436E2192A31C005352D1 /* Products */,
				F3D91B5BBD1D9A87C4B205E6 /* Pods */,
				1CCAFE7A5041B7FD2D1B9A14 /* Frameworks */,
			);
			sourceTree = "<group>";
		};
		FC39436E2192A31C005352D1 /* Products */ = {
			isa = PBXGroup;
			children = (
				FC39436D2192A31C005352D1 /* BackPackApp.app */,
				FC3943832192A31F005352D1 /* BackPackAppTests.xctest */,
			);
			name = Products;
			sourceTree = "<group>";
		};
		FC39436F2192A31C005352D1 /* BackPackApp */ = {
			isa = PBXGroup;
			children = (
				FC3943702192A31C005352D1 /* AppDelegate.swift */,
				FC3943722192A31C005352D1 /* StoreViewController.swift */,
				FC3943742192A31C005352D1 /* MapViewController.swift */,
				FC5CAB8721B9FCC2004932F5 /* GearListTableViewController.swift */,
				FC5CAB8921B9FD11004932F5 /* GearItem.swift */,
				FC5CAB8B21B9FD3E004932F5 /* User.swift */,
				FC3943762192A31C005352D1 /* Main.storyboard */,
				FC3943792192A31F005352D1 /* Assets.xcassets */,
				FC39437B2192A31F005352D1 /* LaunchScreen.storyboard */,
				FC5CAB8521B5E52B004932F5 /* GoogleService-Info.plist */,
				FC39437E2192A31F005352D1 /* Info.plist */,
			);
			path = BackPackApp;
			sourceTree = "<group>";
		};
		FC3943862192A31F005352D1 /* BackPackAppTests */ = {
			isa = PBXGroup;
			children = (
				FC3943872192A31F005352D1 /* BackPackAppTests.swift */,
				FC3943892192A31F005352D1 /* Info.plist */,
			);
			path = BackPackAppTests;
			sourceTree = "<group>";
		};
/* End PBXGroup section */

/* Begin PBXNativeTarget section */
		FC39436C2192A31B005352D1 /* BackPackApp */ = {
			isa = PBXNativeTarget;
			buildConfigurationList = FC39438C2192A31F005352D1 /* Build configuration list for PBXNativeTarget "BackPackApp" */;
			buildPhases = (
				1132A0BEDBF442DBDBE30E27 /* [CP] Check Pods Manifest.lock */,
				FC3943692192A31B005352D1 /* Sources */,
				FC39436A2192A31B005352D1 /* Frameworks */,
				FC39436B2192A31B005352D1 /* Resources */,
				D46AEC7331B624679E6EAE00 /* [CP] Copy Pods Resources */,
				D6B69B685843CDEEEF85E56C /* [CP] Embed Pods Frameworks */,
			);
			buildRules = (
			);
			dependencies = (
			);
			name = BackPackApp;
			productName = BackPackApp;
			productReference = FC39436D2192A31C005352D1 /* BackPackApp.app */;
			productType = "com.apple.product-type.application";
		};
		FC3943822192A31F005352D1 /* BackPackAppTests */ = {
			isa = PBXNativeTarget;
			buildConfigurationList = FC39438F2192A31F005352D1 /* Build configuration list for PBXNativeTarget "BackPackAppTests" */;
			buildPhases = (
				10B9A917C46B4CA87227CD6E /* [CP] Check Pods Manifest.lock */,
				FC39437F2192A31F005352D1 /* Sources */,
				FC3943802192A31F005352D1 /* Frameworks */,
				FC3943812192A31F005352D1 /* Resources */,
			);
			buildRules = (
			);
			dependencies = (
				FC3943852192A31F005352D1 /* PBXTargetDependency */,
			);
			name = BackPackAppTests;
			productName = BackPackAppTests;
			productReference = FC3943832192A31F005352D1 /* BackPackAppTests.xctest */;
			productType = "com.apple.product-type.bundle.unit-test";
		};
/* End PBXNativeTarget section */

/* Begin PBXProject section */
		FC3943652192A31B005352D1 /* Project object */ = {
			isa = PBXProject;
			attributes = {
				LastSwiftUpdateCheck = 1000;
				LastUpgradeCheck = 1000;
				ORGANIZATIONNAME = "Frank Joseph Boccia";
				TargetAttributes = {
					FC39436C2192A31B005352D1 = {
						CreatedOnToolsVersion = 10.0;
					};
					FC3943822192A31F005352D1 = {
						CreatedOnToolsVersion = 10.0;
						TestTargetID = FC39436C2192A31B005352D1;
					};
				};
			};
			buildConfigurationList = FC3943682192A31B005352D1 /* Build configuration list for PBXProject "BackPackApp" */;
			compatibilityVersion = "Xcode 9.3";
			developmentRegion = en;
			hasScannedForEncodings = 0;
			knownRegions = (
				en,
				Base,
			);
			mainGroup = FC3943642192A31B005352D1;
			productRefGroup = FC39436E2192A31C005352D1 /* Products */;
			projectDirPath = "";
			projectRoot = "";
			targets = (
				FC39436C2192A31B005352D1 /* BackPackApp */,
				FC3943822192A31F005352D1 /* BackPackAppTests */,
			);
		};
/* End PBXProject section */

/* Begin PBXResourcesBuildPhase section */
		FC39436B2192A31B005352D1 /* Resources */ = {
			isa = PBXResourcesBuildPhase;
			buildActionMask = 2147483647;
			files = (
				FC39437D2192A31F005352D1 /* LaunchScreen.storyboard in Resources */,
				FC5CAB8621B5E52B004932F5 /* GoogleService-Info.plist in Resources */,
				FC39437A2192A31F005352D1 /* Assets.xcassets in Resources */,
				FC3943782192A31C005352D1 /* Main.storyboard in Resources */,
			);
			runOnlyForDeploymentPostprocessing = 0;
		};
		FC3943812192A31F005352D1 /* Resources */ = {
			isa = PBXResourcesBuildPhase;
			buildActionMask = 2147483647;
			files = (
			);
			runOnlyForDeploymentPostprocessing = 0;
		};
/* End PBXResourcesBuildPhase section */

/* Begin PBXShellScriptBuildPhase section */
		10B9A917C46B4CA87227CD6E /* [CP] Check Pods Manifest.lock */ = {
			isa = PBXShellScriptBuildPhase;
			buildActionMask = 2147483647;
			files = (
			);
			inputPaths = (
				"${PODS_PODFILE_DIR_PATH}/Podfile.lock",
				"${PODS_ROOT}/Manifest.lock",
			);
			name = "[CP] Check Pods Manifest.lock";
			outputPaths = (
				"$(DERIVED_FILE_DIR)/Pods-BackPackAppTests-checkManifestLockResult.txt",
			);
			runOnlyForDeploymentPostprocessing = 0;
			shellPath = /bin/sh;
			shellScript = "diff \"${PODS_PODFILE_DIR_PATH}/Podfile.lock\" \"${PODS_ROOT}/Manifest.lock\" > /dev/null\nif [ $? != 0 ] ; then\n    # print error to STDERR\n    echo \"error: The sandbox is not in sync with the Podfile.lock. Run 'pod install' or update your CocoaPods installation.\" >&2\n    exit 1\nfi\n# This output is used by Xcode 'outputs' to avoid re-running this script phase.\necho \"SUCCESS\" > \"${SCRIPT_OUTPUT_FILE_0}\"\n";
			showEnvVarsInLog = 0;
		};
		1132A0BEDBF442DBDBE30E27 /* [CP] Check Pods Manifest.lock */ = {
			isa = PBXShellScriptBuildPhase;
			buildActionMask = 2147483647;
			files = (
			);
			inputPaths = (
				"${PODS_PODFILE_DIR_PATH}/Podfile.lock",
				"${PODS_ROOT}/Manifest.lock",
			);
			name = "[CP] Check Pods Manifest.lock";
			outputPaths = (
				"$(DERIVED_FILE_DIR)/Pods-BackPackApp-checkManifestLockResult.txt",
			);
			runOnlyForDeploymentPostprocessing = 0;
			shellPath = /bin/sh;
			shellScript = "diff \"${PODS_PODFILE_DIR_PATH}/Podfile.lock\" \"${PODS_ROOT}/Manifest.lock\" > /dev/null\nif [ $? != 0 ] ; then\n    # print error to STDERR\n    echo \"error: The sandbox is not in sync with the Podfile.lock. Run 'pod install' or update your CocoaPods installation.\" >&2\n    exit 1\nfi\n# This output is used by Xcode 'outputs' to avoid re-running this script phase.\necho \"SUCCESS\" > \"${SCRIPT_OUTPUT_FILE_0}\"\n";
			showEnvVarsInLog = 0;
		};
		D46AEC7331B624679E6EAE00 /* [CP] Copy Pods Resources */ = {
			isa = PBXShellScriptBuildPhase;
			buildActionMask = 2147483647;
			files = (
			);
			inputPaths = (
				"${SRCROOT}/Pods/Target Support Files/Pods-BackPackApp/Pods-BackPackApp-resources.sh",
				"${PODS_ROOT}/GoogleMaps/Maps/Frameworks/GoogleMaps.framework/Resources/GoogleMaps.bundle",
			);
			name = "[CP] Copy Pods Resources";
			outputPaths = (
				"${TARGET_BUILD_DIR}/${UNLOCALIZED_RESOURCES_FOLDER_PATH}/GoogleMaps.bundle",
			);
			runOnlyForDeploymentPostprocessing = 0;
			shellPath = /bin/sh;
			shellScript = "\"${SRCROOT}/Pods/Target Support Files/Pods-BackPackApp/Pods-BackPackApp-resources.sh\"\n";
			showEnvVarsInLog = 0;
		};
		D6B69B685843CDEEEF85E56C /* [CP] Embed Pods Frameworks */ = {
			isa = PBXShellScriptBuildPhase;
			buildActionMask = 2147483647;
			files = (
			);
			inputPaths = (
				"${SRCROOT}/Pods/Target Support Files/Pods-BackPackApp/Pods-BackPackApp-frameworks.sh",
				"${BUILT_PRODUCTS_DIR}/GTMSessionFetcher/GTMSessionFetcher.framework",
				"${BUILT_PRODUCTS_DIR}/GoogleToolboxForMac/GoogleToolboxForMac.framework",
				"${BUILT_PRODUCTS_DIR}/leveldb-library/leveldb.framework",
				"${BUILT_PRODUCTS_DIR}/nanopb/nanopb.framework",
			);
			name = "[CP] Embed Pods Frameworks";
			outputPaths = (
				"${TARGET_BUILD_DIR}/${FRAMEWORKS_FOLDER_PATH}/GTMSessionFetcher.framework",
				"${TARGET_BUILD_DIR}/${FRAMEWORKS_FOLDER_PATH}/GoogleToolboxForMac.framework",
				"${TARGET_BUILD_DIR}/${FRAMEWORKS_FOLDER_PATH}/leveldb.framework",
				"${TARGET_BUILD_DIR}/${FRAMEWORKS_FOLDER_PATH}/nanopb.framework",
			);
			runOnlyForDeploymentPostprocessing = 0;
			shellPath = /bin/sh;
			shellScript = "\"${SRCROOT}/Pods/Target Support Files/Pods-BackPackApp/Pods-BackPackApp-frameworks.sh\"\n";
			showEnvVarsInLog = 0;
		};
/* End PBXShellScriptBuildPhase section */

/* Begin PBXSourcesBuildPhase section */
		FC3943692192A31B005352D1 /* Sources */ = {
			isa = PBXSourcesBuildPhase;
			buildActionMask = 2147483647;
			files = (
				FC3943752192A31C005352D1 /* MapViewController.swift in Sources */,
				FC5CAB8A21B9FD11004932F5 /* GearItem.swift in Sources */,
				FC5CAB8C21B9FD3E004932F5 /* User.swift in Sources */,
				FC3943712192A31C005352D1 /* AppDelegate.swift in Sources */,
				FC5CAB8821B9FCC2004932F5 /* GearListTableViewController.swift in Sources */,
				FC3943732192A31C005352D1 /* StoreViewController.swift in Sources */,
			);
			runOnlyForDeploymentPostprocessing = 0;
		};
		FC39437F2192A31F005352D1 /* Sources */ = {
			isa = PBXSourcesBuildPhase;
			buildActionMask = 2147483647;
			files = (
				FC3943882192A31F005352D1 /* BackPackAppTests.swift in Sources */,
			);
			runOnlyForDeploymentPostprocessing = 0;
		};
/* End PBXSourcesBuildPhase section */

/* Begin PBXTargetDependency section */
		FC3943852192A31F005352D1 /* PBXTargetDependency */ = {
			isa = PBXTargetDependency;
			target = FC39436C2192A31B005352D1 /* BackPackApp */;
			targetProxy = FC3943842192A31F005352D1 /* PBXContainerItemProxy */;
		};
/* End PBXTargetDependency section */

/* Begin PBXVariantGroup section */
		FC3943762192A31C005352D1 /* Main.storyboard */ = {
			isa = PBXVariantGroup;
			children = (
				FC3943772192A31C005352D1 /* Base */,
			);
			name = Main.storyboard;
			sourceTree = "<group>";
		};
		FC39437B2192A31F005352D1 /* LaunchScreen.storyboard */ = {
			isa = PBXVariantGroup;
			children = (
				FC39437C2192A31F005352D1 /* Base */,
			);
			name = LaunchScreen.storyboard;
			sourceTree = "<group>";
		};
/* End PBXVariantGroup section */

/* Begin XCBuildConfiguration section */
		FC39438A2192A31F005352D1 /* Debug */ = {
			isa = XCBuildConfiguration;
			buildSettings = {
				ALWAYS_SEARCH_USER_PATHS = NO;
				CLANG_ANALYZER_NONNULL = YES;
				CLANG_ANALYZER_NUMBER_OBJECT_CONVERSION = YES_AGGRESSIVE;
				CLANG_CXX_LANGUAGE_STANDARD = "gnu++14";
				CLANG_CXX_LIBRARY = "libc++";
				CLANG_ENABLE_MODULES = YES;
				CLANG_ENABLE_OBJC_ARC = YES;
				CLANG_ENABLE_OBJC_WEAK = YES;
				CLANG_WARN_BLOCK_CAPTURE_AUTORELEASING = YES;
				CLANG_WARN_BOOL_CONVERSION = YES;
				CLANG_WARN_COMMA = YES;
				CLANG_WARN_CONSTANT_CONVERSION = YES;
				CLANG_WARN_DEPRECATED_OBJC_IMPLEMENTATIONS = YES;
				CLANG_WARN_DIRECT_OBJC_ISA_USAGE = YES_ERROR;
				CLANG_WARN_DOCUMENTATION_COMMENTS = YES;
				CLANG_WARN_EMPTY_BODY = YES;
				CLANG_WARN_ENUM_CONVERSION = YES;
				CLANG_WARN_INFINITE_RECURSION = YES;
				CLANG_WARN_INT_CONVERSION = YES;
				CLANG_WARN_NON_LITERAL_NULL_CONVERSION = YES;
				CLANG_WARN_OBJC_IMPLICIT_RETAIN_SELF = YES;
				CLANG_WARN_OBJC_LITERAL_CONVERSION = YES;
				CLANG_WARN_OBJC_ROOT_CLASS = YES_ERROR;
				CLANG_WARN_RANGE_LOOP_ANALYSIS = YES;
				CLANG_WARN_STRICT_PROTOTYPES = YES;
				CLANG_WARN_SUSPICIOUS_MOVE = YES;
				CLANG_WARN_UNGUARDED_AVAILABILITY = YES_AGGRESSIVE;
				CLANG_WARN_UNREACHABLE_CODE = YES;
				CLANG_WARN__DUPLICATE_METHOD_MATCH = YES;
				CODE_SIGN_IDENTITY = "iPhone Developer";
				COPY_PHASE_STRIP = NO;
				DEBUG_INFORMATION_FORMAT = dwarf;
				ENABLE_STRICT_OBJC_MSGSEND = YES;
				ENABLE_TESTABILITY = YES;
				GCC_C_LANGUAGE_STANDARD = gnu11;
				GCC_DYNAMIC_NO_PIC = NO;
				GCC_NO_COMMON_BLOCKS = YES;
				GCC_OPTIMIZATION_LEVEL = 0;
				GCC_PREPROCESSOR_DEFINITIONS = (
					"DEBUG=1",
					"$(inherited)",
				);
				GCC_WARN_64_TO_32_BIT_CONVERSION = YES;
				GCC_WARN_ABOUT_RETURN_TYPE = YES_ERROR;
				GCC_WARN_UNDECLARED_SELECTOR = YES;
				GCC_WARN_UNINITIALIZED_AUTOS = YES_AGGRESSIVE;
				GCC_WARN_UNUSED_FUNCTION = YES;
				GCC_WARN_UNUSED_VARIABLE = YES;
				IPHONEOS_DEPLOYMENT_TARGET = 12.0;
				MTL_ENABLE_DEBUG_INFO = INCLUDE_SOURCE;
				MTL_FAST_MATH = YES;
				ONLY_ACTIVE_ARCH = YES;
				SDKROOT = iphoneos;
				SWIFT_ACTIVE_COMPILATION_CONDITIONS = DEBUG;
				SWIFT_OPTIMIZATION_LEVEL = "-Onone";
			};
			name = Debug;
		};
		FC39438B2192A31F005352D1 /* Release */ = {
			isa = XCBuildConfiguration;
			buildSettings = {
				ALWAYS_SEARCH_USER_PATHS = NO;
				CLANG_ANALYZER_NONNULL = YES;
				CLANG_ANALYZER_NUMBER_OBJECT_CONVERSION = YES_AGGRESSIVE;
				CLANG_CXX_LANGUAGE_STANDARD = "gnu++14";
				CLANG_CXX_LIBRARY = "libc++";
				CLANG_ENABLE_MODULES = YES;
				CLANG_ENABLE_OBJC_ARC = YES;
				CLANG_ENABLE_OBJC_WEAK = YES;
				CLANG_WARN_BLOCK_CAPTURE_AUTORELEASING = YES;
				CLANG_WARN_BOOL_CONVERSION = YES;
				CLANG_WARN_COMMA = YES;
				CLANG_WARN_CONSTANT_CONVERSION = YES;
				CLANG_WARN_DEPRECATED_OBJC_IMPLEMENTATIONS = YES;
				CLANG_WARN_DIRECT_OBJC_ISA_USAGE = YES_ERROR;
				CLANG_WARN_DOCUMENTATION_COMMENTS = YES;
				CLANG_WARN_EMPTY_BODY = YES;
				CLANG_WARN_ENUM_CONVERSION = YES;
				CLANG_WARN_INFINITE_RECURSION = YES;
				CLANG_WARN_INT_CONVERSION = YES;
				CLANG_WARN_NON_LITERAL_NULL_CONVERSION = YES;
				CLANG_WARN_OBJC_IMPLICIT_RETAIN_SELF = YES;
				CLANG_WARN_OBJC_LITERAL_CONVERSION = YES;
				CLANG_WARN_OBJC_ROOT_CLASS = YES_ERROR;
				CLANG_WARN_RANGE_LOOP_ANALYSIS = YES;
				CLANG_WARN_STRICT_PROTOTYPES = YES;
				CLANG_WARN_SUSPICIOUS_MOVE = YES;
				CLANG_WARN_UNGUARDED_AVAILABILITY = YES_AGGRESSIVE;
				CLANG_WARN_UNREACHABLE_CODE = YES;
				CLANG_WARN__DUPLICATE_METHOD_MATCH = YES;
				CODE_SIGN_IDENTITY = "iPhone Developer";
				COPY_PHASE_STRIP = NO;
				DEBUG_INFORMATION_FORMAT = "dwarf-with-dsym";
				ENABLE_NS_ASSERTIONS = NO;
				ENABLE_STRICT_OBJC_MSGSEND = YES;
				GCC_C_LANGUAGE_STANDARD = gnu11;
				GCC_NO_COMMON_BLOCKS = YES;
				GCC_WARN_64_TO_32_BIT_CONVERSION = YES;
				GCC_WARN_ABOUT_RETURN_TYPE = YES_ERROR;
				GCC_WARN_UNDECLARED_SELECTOR = YES;
				GCC_WARN_UNINITIALIZED_AUTOS = YES_AGGRESSIVE;
				GCC_WARN_UNUSED_FUNCTION = YES;
				GCC_WARN_UNUSED_VARIABLE = YES;
				IPHONEOS_DEPLOYMENT_TARGET = 12.0;
				MTL_ENABLE_DEBUG_INFO = NO;
				MTL_FAST_MATH = YES;
				SDKROOT = iphoneos;
				SWIFT_COMPILATION_MODE = wholemodule;
				SWIFT_OPTIMIZATION_LEVEL = "-O";
				VALIDATE_PRODUCT = YES;
			};
			name = Release;
		};
		FC39438D2192A31F005352D1 /* Debug */ = {
			isa = XCBuildConfiguration;
			baseConfigurationReference = FA29CDE7137459E95878C03A /* Pods-BackPackApp.debug.xcconfig */;
			buildSettings = {
				ASSETCATALOG_COMPILER_APPICON_NAME = AppIcon;
				CODE_SIGN_STYLE = Automatic;
				DEVELOPMENT_TEAM = LM2J977ASP;
				INFOPLIST_FILE = BackPackApp/Info.plist;
				LD_RUNPATH_SEARCH_PATHS = (
					"$(inherited)",
					"@executable_path/Frameworks",
				);
				PRODUCT_BUNDLE_IDENTIFIER = Bocci.BackPackApp;
				PRODUCT_NAME = "$(TARGET_NAME)";
				SWIFT_VERSION = 4.2;
				TARGETED_DEVICE_FAMILY = "1,2";
			};
			name = Debug;
		};
		FC39438E2192A31F005352D1 /* Release */ = {
			isa = XCBuildConfiguration;
			baseConfigurationReference = 87D53883D1C46B41EBC90DDC /* Pods-BackPackApp.release.xcconfig */;
			buildSettings = {
				ASSETCATALOG_COMPILER_APPICON_NAME = AppIcon;
				CODE_SIGN_STYLE = Automatic;
				DEVELOPMENT_TEAM = LM2J977ASP;
				INFOPLIST_FILE = BackPackApp/Info.plist;
				LD_RUNPATH_SEARCH_PATHS = (
					"$(inherited)",
					"@executable_path/Frameworks",
				);
				PRODUCT_BUNDLE_IDENTIFIER = Bocci.BackPackApp;
				PRODUCT_NAME = "$(TARGET_NAME)";
				SWIFT_VERSION = 4.2;
				TARGETED_DEVICE_FAMILY = "1,2";
			};
			name = Release;
		};
		FC3943902192A31F005352D1 /* Debug */ = {
			isa = XCBuildConfiguration;
			baseConfigurationReference = 2B138679A5DF32F73C812DE5 /* Pods-BackPackAppTests.debug.xcconfig */;
			buildSettings = {
				ALWAYS_EMBED_SWIFT_STANDARD_LIBRARIES = YES;
				BUNDLE_LOADER = "$(TEST_HOST)";
				CODE_SIGN_STYLE = Automatic;
				DEVELOPMENT_TEAM = LM2J977ASP;
				INFOPLIST_FILE = BackPackAppTests/Info.plist;
				LD_RUNPATH_SEARCH_PATHS = (
					"$(inherited)",
					"@executable_path/Frameworks",
					"@loader_path/Frameworks",
				);
				PRODUCT_BUNDLE_IDENTIFIER = Bocci.BackPackAppTests;
				PRODUCT_NAME = "$(TARGET_NAME)";
				SWIFT_VERSION = 4.2;
				TARGETED_DEVICE_FAMILY = "1,2";
				TEST_HOST = "$(BUILT_PRODUCTS_DIR)/BackPackApp.app/BackPackApp";
			};
			name = Debug;
		};
		FC3943912192A31F005352D1 /* Release */ = {
			isa = XCBuildConfiguration;
			baseConfigurationReference = 5DDED4FB7D700F1C60BCF777 /* Pods-BackPackAppTests.release.xcconfig */;
			buildSettings = {
				ALWAYS_EMBED_SWIFT_STANDARD_LIBRARIES = YES;
				BUNDLE_LOADER = "$(TEST_HOST)";
				CODE_SIGN_STYLE = Automatic;
				DEVELOPMENT_TEAM = LM2J977ASP;
				INFOPLIST_FILE = BackPackAppTests/Info.plist;
				LD_RUNPATH_SEARCH_PATHS = (
					"$(inherited)",
					"@executable_path/Frameworks",
					"@loader_path/Frameworks",
				);
				PRODUCT_BUNDLE_IDENTIFIER = Bocci.BackPackAppTests;
				PRODUCT_NAME = "$(TARGET_NAME)";
				SWIFT_VERSION = 4.2;
				TARGETED_DEVICE_FAMILY = "1,2";
				TEST_HOST = "$(BUILT_PRODUCTS_DIR)/BackPackApp.app/BackPackApp";
			};
			name = Release;
		};
/* End XCBuildConfiguration section */

/* Begin XCConfigurationList section */
		FC3943682192A31B005352D1 /* Build configuration list for PBXProject "BackPackApp" */ = {
			isa = XCConfigurationList;
			buildConfigurations = (
				FC39438A2192A31F005352D1 /* Debug */,
				FC39438B2192A31F005352D1 /* Release */,
			);
			defaultConfigurationIsVisible = 0;
			defaultConfigurationName = Release;
		};
		FC39438C2192A31F005352D1 /* Build configuration list for PBXNativeTarget "BackPackApp" */ = {
			isa = XCConfigurationList;
			buildConfigurations = (
				FC39438D2192A31F005352D1 /* Debug */,
				FC39438E2192A31F005352D1 /* Release */,
			);
			defaultConfigurationIsVisible = 0;
			defaultConfigurationName = Release;
		};
		FC39438F2192A31F005352D1 /* Build configuration list for PBXNativeTarget "BackPackAppTests" */ = {
			isa = XCConfigurationList;
			buildConfigurations = (
				FC3943902192A31F005352D1 /* Debug */,
				FC3943912192A31F005352D1 /* Release */,
			);
			defaultConfigurationIsVisible = 0;
			defaultConfigurationName = Release;
		};
/* End XCConfigurationList section */
	};
	rootObject = FC3943652192A31B005352D1 /* Project object */;
}
